// !$*UTF8*$!
{
	archiveVersion = 1;
	classes = {
	};
	objectVersion = 50;
	objects = {

/* Begin PBXBuildFile section */
		F951D78225BC598E005BEC40 /* AppDelegate.swift in Sources */ = {isa = PBXBuildFile; fileRef = F951D78125BC598E005BEC40 /* AppDelegate.swift */; };
		F951D78425BC598E005BEC40 /* SceneDelegate.swift in Sources */ = {isa = PBXBuildFile; fileRef = F951D78325BC598E005BEC40 /* SceneDelegate.swift */; };
		F951D78625BC598E005BEC40 /* ViewController.swift in Sources */ = {isa = PBXBuildFile; fileRef = F951D78525BC598E005BEC40 /* ViewController.swift */; };
		F951D78925BC598E005BEC40 /* Main.storyboard in Resources */ = {isa = PBXBuildFile; fileRef = F951D78725BC598E005BEC40 /* Main.storyboard */; };
		F951D78B25BC598F005BEC40 /* Assets.xcassets in Resources */ = {isa = PBXBuildFile; fileRef = F951D78A25BC598F005BEC40 /* Assets.xcassets */; };
		F951D78E25BC598F005BEC40 /* LaunchScreen.storyboard in Resources */ = {isa = PBXBuildFile; fileRef = F951D78C25BC598F005BEC40 /* LaunchScreen.storyboard */; };
/* End PBXBuildFile section */

/* Begin PBXFileReference section */
		F951D77E25BC598E005BEC40 /* InstagramFireStore.app */ = {isa = PBXFileReference; explicitFileType = wrapper.application; includeInIndex = 0; path = InstagramFireStore.app; sourceTree = BUILT_PRODUCTS_DIR; };
		F951D78125BC598E005BEC40 /* AppDelegate.swift */ = {isa = PBXFileReference; lastKnownFileType = sourcecode.swift; path = AppDelegate.swift; sourceTree = "<group>"; };
		F951D78325BC598E005BEC40 /* SceneDelegate.swift */ = {isa = PBXFileReference; lastKnownFileType = sourcecode.swift; path = SceneDelegate.swift; sourceTree = "<group>"; };
		F951D78525BC598E005BEC40 /* ViewController.swift */ = {isa = PBXFileReference; lastKnownFileType = sourcecode.swift; path = ViewController.swift; sourceTree = "<group>"; };
		F951D78825BC598E005BEC40 /* Base */ = {isa = PBXFileReference; lastKnownFileType = file.storyboard; name = Base; path = Base.lproj/Main.storyboard; sourceTree = "<group>"; };
		F951D78A25BC598F005BEC40 /* Assets.xcassets */ = {isa = PBXFileReference; lastKnownFileType = folder.assetcatalog; path = Assets.xcassets; sourceTree = "<group>"; };
		F951D78D25BC598F005BEC40 /* Base */ = {isa = PBXFileReference; lastKnownFileType = file.storyboard; name = Base; path = Base.lproj/LaunchScreen.storyboard; sourceTree = "<group>"; };
		F951D78F25BC598F005BEC40 /* Info.plist */ = {isa = PBXFileReference; lastKnownFileType = text.plist.xml; path = Info.plist; sourceTree = "<group>"; };
/* End PBXFileReference section */

/* Begin PBXFrameworksBuildPhase section */
		F951D77B25BC598E005BEC40 /* Frameworks */ = {
			isa = PBXFrameworksBuildPhase;
			buildActionMask = 2147483647;
			files = (
			);
			runOnlyForDeploymentPostprocessing = 0;
		};
/* End PBXFrameworksBuildPhase section */

/* Begin PBXGroup section */
		F951D77525BC598E005BEC40 = {
			isa = PBXGroup;
			children = (
				F951D78025BC598E005BEC40 /* InstagramFireStore */,
				F951D77F25BC598E005BEC40 /* Products */,
			);
			sourceTree = "<group>";
		};
		F951D77F25BC598E005BEC40 /* Products */ = {
			isa = PBXGroup;
			children = (
				F951D77E25BC598E005BEC40 /* InstagramFireStore.app */,
			);
			name = Products;
			sourceTree = "<group>";
		};
		F951D78025BC598E005BEC40 /* InstagramFireStore */ = {
			isa = PBXGroup;
			children = (
				F951D78125BC598E005BEC40 /* AppDelegate.swift */,
				F951D78325BC598E005BEC40 /* SceneDelegate.swift */,
				F951D78525BC598E005BEC40 /* ViewController.swift */,
				F951D78725BC598E005BEC40 /* Main.storyboard */,
				F951D78A25BC598F005BEC40 /* Assets.xcassets */,
				F951D78C25BC598F005BEC40 /* LaunchScreen.storyboard */,
				F951D78F25BC598F005BEC40 /* Info.plist */,
			);
			path = InstagramFireStore;
			sourceTree = "<group>";
		};
/* End PBXGroup section */

/* Begin PBXNativeTarget section */
		F951D77D25BC598E005BEC40 /* InstagramFireStore */ = {
			isa = PBXNativeTarget;
			buildConfigurationList = F951D79225BC598F005BEC40 /* Build configuration list for PBXNativeTarget "InstagramFireStore" */;
			buildPhases = (
				F951D77A25BC598E005BEC40 /* Sources */,
				F951D77B25BC598E005BEC40 /* Frameworks */,
				F951D77C25BC598E005BEC40 /* Resources */,
			);
			buildRules = (
			);
			dependencies = (
			);
			name = InstagramFireStore;
			productName = InstagramFireStore;
			productReference = F951D77E25BC598E005BEC40 /* InstagramFireStore.app */;
			productType = "com.apple.product-type.application";
		};
/* End PBXNativeTarget section */

/* Begin PBXProject section */
		F951D77625BC598E005BEC40 /* Project object */ = {
			isa = PBXProject;
			attributes = {
				LastSwiftUpdateCheck = 1150;
				LastUpgradeCheck = 1150;
				ORGANIZATIONNAME = "Zalzstein, Ziv";
				TargetAttributes = {
					F951D77D25BC598E005BEC40 = {
						CreatedOnToolsVersion = 11.5;
					};
				};
			};
			buildConfigurationList = F951D77925BC598E005BEC40 /* Build configuration list for PBXProject "InstagramFireStore" */;
			compatibilityVersion = "Xcode 9.3";
			developmentRegion = en;
			hasScannedForEncodings = 0;
			knownRegions = (
				en,
				Base,
			);
			mainGroup = F951D77525BC598E005BEC40;
			productRefGroup = F951D77F25BC598E005BEC40 /* Products */;
			projectDirPath = "";
			projectRoot = "";
			targets = (
				F951D77D25BC598E005BEC40 /* InstagramFireStore */,
			);
		};
/* End PBXProject section */

/* Begin PBXResourcesBuildPhase section */
		F951D77C25BC598E005BEC40 /* Resources */ = {
			isa = PBXResourcesBuildPhase;
			buildActionMask = 2147483647;
			files = (
				F951D78E25BC598F005BEC40 /* LaunchScreen.storyboard in Resources */,
				F951D78B25BC598F005BEC40 /* Assets.xcassets in Resources */,
				F951D78925BC598E005BEC40 /* Main.storyboard in Resources */,
			);
			runOnlyForDeploymentPostprocessing = 0;
		};
/* End PBXResourcesBuildPhase section */

/* Begin PBXSourcesBuildPhase section */
		F951D77A25BC598E005BEC40 /* Sources */ = {
			isa = PBXSourcesBuildPhase;
			buildActionMask = 2147483647;
			files = (
				F951D78625BC598E005BEC40 /* ViewController.swift in Sources */,
				F951D78225BC598E005BEC40 /* AppDelegate.swift in Sources */,
				F951D78425BC598E005BEC40 /* SceneDelegate.swift in Sources */,
			);
			runOnlyForDeploymentPostprocessing = 0;
		};
/* End PBXSourcesBuildPhase section */

/* Begin PBXVariantGroup section */
		F951D78725BC598E005BEC40 /* Main.storyboard */ = {
			isa = PBXVariantGroup;
			children = (
				F951D78825BC598E005BEC40 /* Base */,
			);
			name = Main.storyboard;
			sourceTree = "<group>";
		};
		F951D78C25BC598F005BEC40 /* LaunchScreen.storyboard */ = {
			isa = PBXVariantGroup;
			children = (
				F951D78D25BC598F005BEC40 /* Base */,
			);
			name = LaunchScreen.storyboard;
			sourceTree = "<group>";
		};
/* End PBXVariantGroup section */

/* Begin XCBuildConfiguration section */
		F951D79025BC598F005BEC40 /* Debug */ = {
			isa = XCBuildConfiguration;
			buildSettings = {
				ALWAYS_SEARCH_USER_PATHS = NO;
				CLANG_ANALYZER_NONNULL = YES;
				CLANG_ANALYZER_NUMBER_OBJECT_CONVERSION = YES_AGGRESSIVE;
				CLANG_CXX_LANGUAGE_STANDARD = "gnu++14";
				CLANG_CXX_LIBRARY = "libc++";
				CLANG_ENABLE_MODULES = YES;
				CLANG_ENABLE_OBJC_ARC = YES;
				CLANG_ENABLE_OBJC_WEAK = YES;
				CLANG_WARN_BLOCK_CAPTURE_AUTORELEASING = YES;
				CLANG_WARN_BOOL_CONVERSION = YES;
				CLANG_WARN_COMMA = YES;
				CLANG_WARN_CONSTANT_CONVERSION = YES;
				CLANG_WARN_DEPRECATED_OBJC_IMPLEMENTATIONS = YES;
				CLANG_WARN_DIRECT_OBJC_ISA_USAGE = YES_ERROR;
				CLANG_WARN_DOCUMENTATION_COMMENTS = YES;
				CLANG_WARN_EMPTY_BODY = YES;
				CLANG_WARN_ENUM_CONVERSION = YES;
				CLANG_WARN_INFINITE_RECURSION = YES;
				CLANG_WARN_INT_CONVERSION = YES;
				CLANG_WARN_NON_LITERAL_NULL_CONVERSION = YES;
				CLANG_WARN_OBJC_IMPLICIT_RETAIN_SELF = YES;
				CLANG_WARN_OBJC_LITERAL_CONVERSION = YES;
				CLANG_WARN_OBJC_ROOT_CLASS = YES_ERROR;
				CLANG_WARN_RANGE_LOOP_ANALYSIS = YES;
				CLANG_WARN_STRICT_PROTOTYPES = YES;
				CLANG_WARN_SUSPICIOUS_MOVE = YES;
				CLANG_WARN_UNGUARDED_AVAILABILITY = YES_AGGRESSIVE;
				CLANG_WARN_UNREACHABLE_CODE = YES;
				CLANG_WARN__DUPLICATE_METHOD_MATCH = YES;
				COPY_PHASE_STRIP = NO;
				DEBUG_INFORMATION_FORMAT = dwarf;
				ENABLE_STRICT_OBJC_MSGSEND = YES;
				ENABLE_TESTABILITY = YES;
				GCC_C_LANGUAGE_STANDARD = gnu11;
				GCC_DYNAMIC_NO_PIC = NO;
				GCC_NO_COMMON_BLOCKS = YES;
				GCC_OPTIMIZATION_LEVEL = 0;
				GCC_PREPROCESSOR_DEFINITIONS = (
					"DEBUG=1",
					"$(inherited)",
				);
				GCC_WARN_64_TO_32_BIT_CONVERSION = YES;
				GCC_WARN_ABOUT_RETURN_TYPE = YES_ERROR;
				GCC_WARN_UNDECLARED_SELECTOR = YES;
				GCC_WARN_UNINITIALIZED_AUTOS = YES_AGGRESSIVE;
				GCC_WARN_UNUSED_FUNCTION = YES;
				GCC_WARN_UNUSED_VARIABLE = YES;
				IPHONEOS_DEPLOYMENT_TARGET = 13.5;
				MTL_ENABLE_DEBUG_INFO = INCLUDE_SOURCE;
				MTL_FAST_MATH = YES;
				ONLY_ACTIVE_ARCH = YES;
				SDKROOT = iphoneos;
				SWIFT_ACTIVE_COMPILATION_CONDITIONS = DEBUG;
				SWIFT_OPTIMIZATION_LEVEL = "-Onone";
			};
			name = Debug;
		};
		F951D79125BC598F005BEC40 /* Release */ = {
			isa = XCBuildConfiguration;
			buildSettings = {
				ALWAYS_SEARCH_USER_PATHS = NO;
				CLANG_ANALYZER_NONNULL = YES;
				CLANG_ANALYZER_NUMBER_OBJECT_CONVERSION = YES_AGGRESSIVE;
				CLANG_CXX_LANGUAGE_STANDARD = "gnu++14";
				CLANG_CXX_LIBRARY = "libc++";
				CLANG_ENABLE_MODULES = YES;
				CLANG_ENABLE_OBJC_ARC = YES;
				CLANG_ENABLE_OBJC_WEAK = YES;
				CLANG_WARN_BLOCK_CAPTURE_AUTORELEASING = YES;
				CLANG_WARN_BOOL_CONVERSION = YES;
				CLANG_WARN_COMMA = YES;
				CLANG_WARN_CONSTANT_CONVERSION = YES;
				CLANG_WARN_DEPRECATED_OBJC_IMPLEMENTATIONS = YES;
				CLANG_WARN_DIRECT_OBJC_ISA_USAGE = YES_ERROR;
				CLANG_WARN_DOCUMENTATION_COMMENTS = YES;
				CLANG_WARN_EMPTY_BODY = YES;
				CLANG_WARN_ENUM_CONVERSION = YES;
				CLANG_WARN_INFINITE_RECURSION = YES;
				CLANG_WARN_INT_CONVERSION = YES;
				CLANG_WARN_NON_LITERAL_NULL_CONVERSION = YES;
				CLANG_WARN_OBJC_IMPLICIT_RETAIN_SELF = YES;
				CLANG_WARN_OBJC_LITERAL_CONVERSION = YES;
				CLANG_WARN_OBJC_ROOT_CLASS = YES_ERROR;
				CLANG_WARN_RANGE_LOOP_ANALYSIS = YES;
				CLANG_WARN_STRICT_PROTOTYPES = YES;
				CLANG_WARN_SUSPICIOUS_MOVE = YES;
				CLANG_WARN_UNGUARDED_AVAILABILITY = YES_AGGRESSIVE;
				CLANG_WARN_UNREACHABLE_CODE = YES;
				CLANG_WARN__DUPLICATE_METHOD_MATCH = YES;
				COPY_PHASE_STRIP = NO;
				DEBUG_INFORMATION_FORMAT = "dwarf-with-dsym";
				ENABLE_NS_ASSERTIONS = NO;
				ENABLE_STRICT_OBJC_MSGSEND = YES;
				GCC_C_LANGUAGE_STANDARD = gnu11;
				GCC_NO_COMMON_BLOCKS = YES;
				GCC_WARN_64_TO_32_BIT_CONVERSION = YES;
				GCC_WARN_ABOUT_RETURN_TYPE = YES_ERROR;
				GCC_WARN_UNDECLARED_SELECTOR = YES;
				GCC_WARN_UNINITIALIZED_AUTOS = YES_AGGRESSIVE;
				GCC_WARN_UNUSED_FUNCTION = YES;
				GCC_WARN_UNUSED_VARIABLE = YES;
				IPHONEOS_DEPLOYMENT_TARGET = 13.5;
				MTL_ENABLE_DEBUG_INFO = NO;
				MTL_FAST_MATH = YES;
				SDKROOT = iphoneos;
				SWIFT_COMPILATION_MODE = wholemodule;
				SWIFT_OPTIMIZATION_LEVEL = "-O";
				VALIDATE_PRODUCT = YES;
			};
			name = Release;
		};
		F951D79325BC598F005BEC40 /* Debug */ = {
			isa = XCBuildConfiguration;
			buildSettings = {
				ASSETCATALOG_COMPILER_APPICON_NAME = AppIcon;
				CODE_SIGN_STYLE = Automatic;
				DEVELOPMENT_TEAM = 7YQNE577VJ;
				INFOPLIST_FILE = InstagramFireStore/Info.plist;
				LD_RUNPATH_SEARCH_PATHS = (
					"$(inherited)",
					"@executable_path/Frameworks",
				);
				PRODUCT_BUNDLE_IDENTIFIER = com.ziv.InstagramFireStore;
				PRODUCT_NAME = "$(TARGET_NAME)";
				SWIFT_VERSION = 5.0;
				TARGETED_DEVICE_FAMILY = "1,2";
			};
			name = Debug;
		};
		F951D79425BC598F005BEC40 /* Release */ = {
			isa = XCBuildConfiguration;
			buildSettings = {
				ASSETCATALOG_COMPILER_APPICON_NAME = AppIcon;
				CODE_SIGN_STYLE = Automatic;
				DEVELOPMENT_TEAM = 7YQNE577VJ;
				INFOPLIST_FILE = InstagramFireStore/Info.plist;
				LD_RUNPATH_SEARCH_PATHS = (
					"$(inherited)",
					"@executable_path/Frameworks",
				);
				PRODUCT_BUNDLE_IDENTIFIER = com.ziv.InstagramFireStore;
				PRODUCT_NAME = "$(TARGET_NAME)";
				SWIFT_VERSION = 5.0;
				TARGETED_DEVICE_FAMILY = "1,2";
			};
			name = Release;
		};
/* End XCBuildConfiguration section */

/* Begin XCConfigurationList section */
		F951D77925BC598E005BEC40 /* Build configuration list for PBXProject "InstagramFireStore" */ = {
			isa = XCConfigurationList;
			buildConfigurations = (
				F951D79025BC598F005BEC40 /* Debug */,
				F951D79125BC598F005BEC40 /* Release */,
			);
			defaultConfigurationIsVisible = 0;
			defaultConfigurationName = Release;
		};
		F951D79225BC598F005BEC40 /* Build configuration list for PBXNativeTarget "InstagramFireStore" */ = {
			isa = XCConfigurationList;
			buildConfigurations = (
				F951D79325BC598F005BEC40 /* Debug */,
				F951D79425BC598F005BEC40 /* Release */,
			);
			defaultConfigurationIsVisible = 0;
			defaultConfigurationName = Release;
		};
/* End XCConfigurationList section */
	};
	rootObject = F951D77625BC598E005BEC40 /* Project object */;
}
